<Solution>
  <Folder Name="/Resources/">
    <File Path="../LICENSE" />
    <File Path="../README.md" />
  </Folder>
  <Project Path="medievalera.client/medievalera.client.esproj">
    <Build />
    <Deploy />
  </Project>
  <Project Path="MedievalEra.Server/MedievalEra.Server.csproj" />
</Solution>
